// !$*UTF8*$!
{
	archiveVersion = 1;
	classes = {
	};
	objectVersion = 56;
	objects = {

/* Begin PBXBuildFile section */
		3497AD6B2953160D00668076 /* CryptoPathApp.swift in Sources */ = {isa = PBXBuildFile; fileRef = 3497AD6A2953160D00668076 /* CryptoPathApp.swift */; };
		3497AD6D2953160D00668076 /* ContentView.swift in Sources */ = {isa = PBXBuildFile; fileRef = 3497AD6C2953160D00668076 /* ContentView.swift */; };
		3497AD6F2953160F00668076 /* Assets.xcassets in Resources */ = {isa = PBXBuildFile; fileRef = 3497AD6E2953160F00668076 /* Assets.xcassets */; };
		3497AD722953160F00668076 /* Preview Assets.xcassets in Resources */ = {isa = PBXBuildFile; fileRef = 3497AD712953160F00668076 /* Preview Assets.xcassets */; };
		3497AD81295316F300668076 /* HomeView.swift in Sources */ = {isa = PBXBuildFile; fileRef = 3497AD80295316F300668076 /* HomeView.swift */; };
		3497AD83295319C600668076 /* TopMoversView.swift in Sources */ = {isa = PBXBuildFile; fileRef = 3497AD82295319C600668076 /* TopMoversView.swift */; };
		3497AD85295319D300668076 /* TopMoversItemView.swift in Sources */ = {isa = PBXBuildFile; fileRef = 3497AD84295319D300668076 /* TopMoversItemView.swift */; };
		3497AD8729531EC400668076 /* AllCoinsView.swift in Sources */ = {isa = PBXBuildFile; fileRef = 3497AD8629531EC400668076 /* AllCoinsView.swift */; };
		3497AD8929531ECE00668076 /* CoinRowView.swift in Sources */ = {isa = PBXBuildFile; fileRef = 3497AD8829531ECE00668076 /* CoinRowView.swift */; };
		3497ADA52953425200668076 /* HomeViewModel.swift in Sources */ = {isa = PBXBuildFile; fileRef = 3497ADA42953425200668076 /* HomeViewModel.swift */; };
		3497ADA7295346D200668076 /* Coin.swift in Sources */ = {isa = PBXBuildFile; fileRef = 3497ADA6295346D200668076 /* Coin.swift */; };
/* End PBXBuildFile section */

/* Begin PBXFileReference section */
		3497AD672953160D00668076 /* CryptoPath.app */ = {isa = PBXFileReference; explicitFileType = wrapper.application; includeInIndex = 0; path = CryptoPath.app; sourceTree = BUILT_PRODUCTS_DIR; };
		3497AD6A2953160D00668076 /* CryptoPathApp.swift */ = {isa = PBXFileReference; lastKnownFileType = sourcecode.swift; path = CryptoPathApp.swift; sourceTree = "<group>"; };
		3497AD6C2953160D00668076 /* ContentView.swift */ = {isa = PBXFileReference; lastKnownFileType = sourcecode.swift; path = ContentView.swift; sourceTree = "<group>"; };
		3497AD6E2953160F00668076 /* Assets.xcassets */ = {isa = PBXFileReference; lastKnownFileType = folder.assetcatalog; path = Assets.xcassets; sourceTree = "<group>"; };
		3497AD712953160F00668076 /* Preview Assets.xcassets */ = {isa = PBXFileReference; lastKnownFileType = folder.assetcatalog; path = "Preview Assets.xcassets"; sourceTree = "<group>"; };
		3497AD80295316F300668076 /* HomeView.swift */ = {isa = PBXFileReference; lastKnownFileType = sourcecode.swift; path = HomeView.swift; sourceTree = "<group>"; };
		3497AD82295319C600668076 /* TopMoversView.swift */ = {isa = PBXFileReference; lastKnownFileType = sourcecode.swift; path = TopMoversView.swift; sourceTree = "<group>"; };
		3497AD84295319D300668076 /* TopMoversItemView.swift */ = {isa = PBXFileReference; lastKnownFileType = sourcecode.swift; path = TopMoversItemView.swift; sourceTree = "<group>"; };
		3497AD8629531EC400668076 /* AllCoinsView.swift */ = {isa = PBXFileReference; lastKnownFileType = sourcecode.swift; path = AllCoinsView.swift; sourceTree = "<group>"; };
		3497AD8829531ECE00668076 /* CoinRowView.swift */ = {isa = PBXFileReference; lastKnownFileType = sourcecode.swift; path = CoinRowView.swift; sourceTree = "<group>"; };
		3497ADA42953425200668076 /* HomeViewModel.swift */ = {isa = PBXFileReference; lastKnownFileType = sourcecode.swift; path = HomeViewModel.swift; sourceTree = "<group>"; };
		3497ADA6295346D200668076 /* Coin.swift */ = {isa = PBXFileReference; lastKnownFileType = sourcecode.swift; path = Coin.swift; sourceTree = "<group>"; };
/* End PBXFileReference section */

/* Begin PBXFrameworksBuildPhase section */
		3497AD642953160D00668076 /* Frameworks */ = {
			isa = PBXFrameworksBuildPhase;
			buildActionMask = 2147483647;
			files = (
			);
			runOnlyForDeploymentPostprocessing = 0;
		};
/* End PBXFrameworksBuildPhase section */

/* Begin PBXGroup section */
		3497AD5E2953160D00668076 = {
			isa = PBXGroup;
			children = (
				3497AD692953160D00668076 /* CryptoPath */,
				3497AD682953160D00668076 /* Products */,
			);
			sourceTree = "<group>";
		};
		3497AD682953160D00668076 /* Products */ = {
			isa = PBXGroup;
			children = (
				3497AD672953160D00668076 /* CryptoPath.app */,
			);
			name = Products;
			sourceTree = "<group>";
		};
		3497AD692953160D00668076 /* CryptoPath */ = {
			isa = PBXGroup;
			children = (
				3497AD782953165B00668076 /* Utils */,
				3497AD792953166D00668076 /* Extensions */,
				3497AD7C2953167600668076 /* Models */,
				3497AD7B2953167600668076 /* Core */,
				3497AD7A2953167500668076 /* App */,
				3497AD6C2953160D00668076 /* ContentView.swift */,
				3497AD6E2953160F00668076 /* Assets.xcassets */,
				3497AD702953160F00668076 /* Preview Content */,
			);
			path = CryptoPath;
			sourceTree = "<group>";
		};
		3497AD702953160F00668076 /* Preview Content */ = {
			isa = PBXGroup;
			children = (
				3497AD712953160F00668076 /* Preview Assets.xcassets */,
			);
			path = "Preview Content";
			sourceTree = "<group>";
		};
		3497AD782953165B00668076 /* Utils */ = {
			isa = PBXGroup;
			children = (
			);
			path = Utils;
			sourceTree = "<group>";
		};
		3497AD792953166D00668076 /* Extensions */ = {
			isa = PBXGroup;
			children = (
			);
			path = Extensions;
			sourceTree = "<group>";
		};
		3497AD7A2953167500668076 /* App */ = {
			isa = PBXGroup;
			children = (
				3497AD6A2953160D00668076 /* CryptoPathApp.swift */,
			);
			path = App;
			sourceTree = "<group>";
		};
		3497AD7B2953167600668076 /* Core */ = {
			isa = PBXGroup;
			children = (
				3497AD7D2953169E00668076 /* Home */,
			);
			path = Core;
			sourceTree = "<group>";
		};
		3497AD7C2953167600668076 /* Models */ = {
			isa = PBXGroup;
			children = (
				3497ADA6295346D200668076 /* Coin.swift */,
			);
			path = Models;
			sourceTree = "<group>";
		};
		3497AD7D2953169E00668076 /* Home */ = {
			isa = PBXGroup;
			children = (
				3497AD7F295316DD00668076 /* ViewModels */,
				3497AD7E295316D900668076 /* View */,
			);
			path = Home;
			sourceTree = "<group>";
		};
		3497AD7E295316D900668076 /* View */ = {
			isa = PBXGroup;
			children = (
				3497AD80295316F300668076 /* HomeView.swift */,
				3497AD82295319C600668076 /* TopMoversView.swift */,
				3497AD84295319D300668076 /* TopMoversItemView.swift */,
				3497AD8629531EC400668076 /* AllCoinsView.swift */,
				3497AD8829531ECE00668076 /* CoinRowView.swift */,
			);
			path = View;
			sourceTree = "<group>";
		};
		3497AD7F295316DD00668076 /* ViewModels */ = {
			isa = PBXGroup;
			children = (
				3497ADA42953425200668076 /* HomeViewModel.swift */,
			);
			path = ViewModels;
			sourceTree = "<group>";
		};
/* End PBXGroup section */

/* Begin PBXNativeTarget section */
		3497AD662953160D00668076 /* CryptoPath */ = {
			isa = PBXNativeTarget;
			buildConfigurationList = 3497AD752953160F00668076 /* Build configuration list for PBXNativeTarget "CryptoPath" */;
			buildPhases = (
				3497AD632953160D00668076 /* Sources */,
				3497AD642953160D00668076 /* Frameworks */,
				3497AD652953160D00668076 /* Resources */,
			);
			buildRules = (
			);
			dependencies = (
			);
			name = CryptoPath;
			productName = CryptoPath;
			productReference = 3497AD672953160D00668076 /* CryptoPath.app */;
			productType = "com.apple.product-type.application";
		};
/* End PBXNativeTarget section */

/* Begin PBXProject section */
		3497AD5F2953160D00668076 /* Project object */ = {
			isa = PBXProject;
			attributes = {
				BuildIndependentTargetsInParallel = 1;
				LastSwiftUpdateCheck = 1410;
				LastUpgradeCheck = 1410;
				TargetAttributes = {
					3497AD662953160D00668076 = {
						CreatedOnToolsVersion = 14.1;
					};
				};
			};
			buildConfigurationList = 3497AD622953160D00668076 /* Build configuration list for PBXProject "CryptoPath" */;
			compatibilityVersion = "Xcode 14.0";
			developmentRegion = en;
			hasScannedForEncodings = 0;
			knownRegions = (
				en,
				Base,
			);
			mainGroup = 3497AD5E2953160D00668076;
			productRefGroup = 3497AD682953160D00668076 /* Products */;
			projectDirPath = "";
			projectRoot = "";
			targets = (
				3497AD662953160D00668076 /* CryptoPath */,
			);
		};
/* End PBXProject section */

/* Begin PBXResourcesBuildPhase section */
		3497AD652953160D00668076 /* Resources */ = {
			isa = PBXResourcesBuildPhase;
			buildActionMask = 2147483647;
			files = (
				3497AD722953160F00668076 /* Preview Assets.xcassets in Resources */,
				3497AD6F2953160F00668076 /* Assets.xcassets in Resources */,
			);
			runOnlyForDeploymentPostprocessing = 0;
		};
/* End PBXResourcesBuildPhase section */

/* Begin PBXSourcesBuildPhase section */
		3497AD632953160D00668076 /* Sources */ = {
			isa = PBXSourcesBuildPhase;
			buildActionMask = 2147483647;
			files = (
				3497ADA7295346D200668076 /* Coin.swift in Sources */,
				3497AD83295319C600668076 /* TopMoversView.swift in Sources */,
				3497AD8729531EC400668076 /* AllCoinsView.swift in Sources */,
				3497AD81295316F300668076 /* HomeView.swift in Sources */,
				3497ADA52953425200668076 /* HomeViewModel.swift in Sources */,
				3497AD6D2953160D00668076 /* ContentView.swift in Sources */,
				3497AD6B2953160D00668076 /* CryptoPathApp.swift in Sources */,
				3497AD8929531ECE00668076 /* CoinRowView.swift in Sources */,
				3497AD85295319D300668076 /* TopMoversItemView.swift in Sources */,
			);
			runOnlyForDeploymentPostprocessing = 0;
		};
/* End PBXSourcesBuildPhase section */

/* Begin XCBuildConfiguration section */
		3497AD732953160F00668076 /* Debug */ = {
			isa = XCBuildConfiguration;
			buildSettings = {
				ALWAYS_SEARCH_USER_PATHS = NO;
				CLANG_ANALYZER_NONNULL = YES;
				CLANG_ANALYZER_NUMBER_OBJECT_CONVERSION = YES_AGGRESSIVE;
				CLANG_CXX_LANGUAGE_STANDARD = "gnu++20";
				CLANG_ENABLE_MODULES = YES;
				CLANG_ENABLE_OBJC_ARC = YES;
				CLANG_ENABLE_OBJC_WEAK = YES;
				CLANG_WARN_BLOCK_CAPTURE_AUTORELEASING = YES;
				CLANG_WARN_BOOL_CONVERSION = YES;
				CLANG_WARN_COMMA = YES;
				CLANG_WARN_CONSTANT_CONVERSION = YES;
				CLANG_WARN_DEPRECATED_OBJC_IMPLEMENTATIONS = YES;
				CLANG_WARN_DIRECT_OBJC_ISA_USAGE = YES_ERROR;
				CLANG_WARN_DOCUMENTATION_COMMENTS = YES;
				CLANG_WARN_EMPTY_BODY = YES;
				CLANG_WARN_ENUM_CONVERSION = YES;
				CLANG_WARN_INFINITE_RECURSION = YES;
				CLANG_WARN_INT_CONVERSION = YES;
				CLANG_WARN_NON_LITERAL_NULL_CONVERSION = YES;
				CLANG_WARN_OBJC_IMPLICIT_RETAIN_SELF = YES;
				CLANG_WARN_OBJC_LITERAL_CONVERSION = YES;
				CLANG_WARN_OBJC_ROOT_CLASS = YES_ERROR;
				CLANG_WARN_QUOTED_INCLUDE_IN_FRAMEWORK_HEADER = YES;
				CLANG_WARN_RANGE_LOOP_ANALYSIS = YES;
				CLANG_WARN_STRICT_PROTOTYPES = YES;
				CLANG_WARN_SUSPICIOUS_MOVE = YES;
				CLANG_WARN_UNGUARDED_AVAILABILITY = YES_AGGRESSIVE;
				CLANG_WARN_UNREACHABLE_CODE = YES;
				CLANG_WARN__DUPLICATE_METHOD_MATCH = YES;
				COPY_PHASE_STRIP = NO;
				DEBUG_INFORMATION_FORMAT = dwarf;
				ENABLE_STRICT_OBJC_MSGSEND = YES;
				ENABLE_TESTABILITY = YES;
				GCC_C_LANGUAGE_STANDARD = gnu11;
				GCC_DYNAMIC_NO_PIC = NO;
				GCC_NO_COMMON_BLOCKS = YES;
				GCC_OPTIMIZATION_LEVEL = 0;
				GCC_PREPROCESSOR_DEFINITIONS = (
					"DEBUG=1",
					"$(inherited)",
				);
				GCC_WARN_64_TO_32_BIT_CONVERSION = YES;
				GCC_WARN_ABOUT_RETURN_TYPE = YES_ERROR;
				GCC_WARN_UNDECLARED_SELECTOR = YES;
				GCC_WARN_UNINITIALIZED_AUTOS = YES_AGGRESSIVE;
				GCC_WARN_UNUSED_FUNCTION = YES;
				GCC_WARN_UNUSED_VARIABLE = YES;
				IPHONEOS_DEPLOYMENT_TARGET = 16.1;
				MTL_ENABLE_DEBUG_INFO = INCLUDE_SOURCE;
				MTL_FAST_MATH = YES;
				ONLY_ACTIVE_ARCH = YES;
				SDKROOT = iphoneos;
				SWIFT_ACTIVE_COMPILATION_CONDITIONS = DEBUG;
				SWIFT_OPTIMIZATION_LEVEL = "-Onone";
			};
			name = Debug;
		};
		3497AD742953160F00668076 /* Release */ = {
			isa = XCBuildConfiguration;
			buildSettings = {
				ALWAYS_SEARCH_USER_PATHS = NO;
				CLANG_ANALYZER_NONNULL = YES;
				CLANG_ANALYZER_NUMBER_OBJECT_CONVERSION = YES_AGGRESSIVE;
				CLANG_CXX_LANGUAGE_STANDARD = "gnu++20";
				CLANG_ENABLE_MODULES = YES;
				CLANG_ENABLE_OBJC_ARC = YES;
				CLANG_ENABLE_OBJC_WEAK = YES;
				CLANG_WARN_BLOCK_CAPTURE_AUTORELEASING = YES;
				CLANG_WARN_BOOL_CONVERSION = YES;
				CLANG_WARN_COMMA = YES;
				CLANG_WARN_CONSTANT_CONVERSION = YES;
				CLANG_WARN_DEPRECATED_OBJC_IMPLEMENTATIONS = YES;
				CLANG_WARN_DIRECT_OBJC_ISA_USAGE = YES_ERROR;
				CLANG_WARN_DOCUMENTATION_COMMENTS = YES;
				CLANG_WARN_EMPTY_BODY = YES;
				CLANG_WARN_ENUM_CONVERSION = YES;
				CLANG_WARN_INFINITE_RECURSION = YES;
				CLANG_WARN_INT_CONVERSION = YES;
				CLANG_WARN_NON_LITERAL_NULL_CONVERSION = YES;
				CLANG_WARN_OBJC_IMPLICIT_RETAIN_SELF = YES;
				CLANG_WARN_OBJC_LITERAL_CONVERSION = YES;
				CLANG_WARN_OBJC_ROOT_CLASS = YES_ERROR;
				CLANG_WARN_QUOTED_INCLUDE_IN_FRAMEWORK_HEADER = YES;
				CLANG_WARN_RANGE_LOOP_ANALYSIS = YES;
				CLANG_WARN_STRICT_PROTOTYPES = YES;
				CLANG_WARN_SUSPICIOUS_MOVE = YES;
				CLANG_WARN_UNGUARDED_AVAILABILITY = YES_AGGRESSIVE;
				CLANG_WARN_UNREACHABLE_CODE = YES;
				CLANG_WARN__DUPLICATE_METHOD_MATCH = YES;
				COPY_PHASE_STRIP = NO;
				DEBUG_INFORMATION_FORMAT = "dwarf-with-dsym";
				ENABLE_NS_ASSERTIONS = NO;
				ENABLE_STRICT_OBJC_MSGSEND = YES;
				GCC_C_LANGUAGE_STANDARD = gnu11;
				GCC_NO_COMMON_BLOCKS = YES;
				GCC_WARN_64_TO_32_BIT_CONVERSION = YES;
				GCC_WARN_ABOUT_RETURN_TYPE = YES_ERROR;
				GCC_WARN_UNDECLARED_SELECTOR = YES;
				GCC_WARN_UNINITIALIZED_AUTOS = YES_AGGRESSIVE;
				GCC_WARN_UNUSED_FUNCTION = YES;
				GCC_WARN_UNUSED_VARIABLE = YES;
				IPHONEOS_DEPLOYMENT_TARGET = 16.1;
				MTL_ENABLE_DEBUG_INFO = NO;
				MTL_FAST_MATH = YES;
				SDKROOT = iphoneos;
				SWIFT_COMPILATION_MODE = wholemodule;
				SWIFT_OPTIMIZATION_LEVEL = "-O";
				VALIDATE_PRODUCT = YES;
			};
			name = Release;
		};
		3497AD762953160F00668076 /* Debug */ = {
			isa = XCBuildConfiguration;
			buildSettings = {
				ASSETCATALOG_COMPILER_APPICON_NAME = AppIcon;
				ASSETCATALOG_COMPILER_GLOBAL_ACCENT_COLOR_NAME = AccentColor;
				CODE_SIGN_STYLE = Automatic;
				CURRENT_PROJECT_VERSION = 1;
				DEVELOPMENT_ASSET_PATHS = "\"CryptoPath/Preview Content\"";
				DEVELOPMENT_TEAM = MW2482B7WH;
				ENABLE_PREVIEWS = YES;
				GENERATE_INFOPLIST_FILE = YES;
				INFOPLIST_KEY_UIApplicationSceneManifest_Generation = YES;
				INFOPLIST_KEY_UIApplicationSupportsIndirectInputEvents = YES;
				INFOPLIST_KEY_UILaunchScreen_Generation = YES;
				INFOPLIST_KEY_UISupportedInterfaceOrientations_iPad = "UIInterfaceOrientationPortrait UIInterfaceOrientationPortraitUpsideDown UIInterfaceOrientationLandscapeLeft UIInterfaceOrientationLandscapeRight";
				INFOPLIST_KEY_UISupportedInterfaceOrientations_iPhone = "UIInterfaceOrientationPortrait UIInterfaceOrientationLandscapeLeft UIInterfaceOrientationLandscapeRight";
				LD_RUNPATH_SEARCH_PATHS = (
					"$(inherited)",
					"@executable_path/Frameworks",
				);
				MARKETING_VERSION = 1.0;
				PRODUCT_BUNDLE_IDENTIFIER = NomoSiOS.CryptoPath;
				PRODUCT_NAME = "$(TARGET_NAME)";
				SWIFT_EMIT_LOC_STRINGS = YES;
				SWIFT_VERSION = 5.0;
				TARGETED_DEVICE_FAMILY = "1,2";
			};
			name = Debug;
		};
		3497AD772953160F00668076 /* Release */ = {
			isa = XCBuildConfiguration;
			buildSettings = {
				ASSETCATALOG_COMPILER_APPICON_NAME = AppIcon;
				ASSETCATALOG_COMPILER_GLOBAL_ACCENT_COLOR_NAME = AccentColor;
				CODE_SIGN_STYLE = Automatic;
				CURRENT_PROJECT_VERSION = 1;
				DEVELOPMENT_ASSET_PATHS = "\"CryptoPath/Preview Content\"";
				DEVELOPMENT_TEAM = MW2482B7WH;
				ENABLE_PREVIEWS = YES;
				GENERATE_INFOPLIST_FILE = YES;
				INFOPLIST_KEY_UIApplicationSceneManifest_Generation = YES;
				INFOPLIST_KEY_UIApplicationSupportsIndirectInputEvents = YES;
				INFOPLIST_KEY_UILaunchScreen_Generation = YES;
				INFOPLIST_KEY_UISupportedInterfaceOrientations_iPad = "UIInterfaceOrientationPortrait UIInterfaceOrientationPortraitUpsideDown UIInterfaceOrientationLandscapeLeft UIInterfaceOrientationLandscapeRight";
				INFOPLIST_KEY_UISupportedInterfaceOrientations_iPhone = "UIInterfaceOrientationPortrait UIInterfaceOrientationLandscapeLeft UIInterfaceOrientationLandscapeRight";
				LD_RUNPATH_SEARCH_PATHS = (
					"$(inherited)",
					"@executable_path/Frameworks",
				);
				MARKETING_VERSION = 1.0;
				PRODUCT_BUNDLE_IDENTIFIER = NomoSiOS.CryptoPath;
				PRODUCT_NAME = "$(TARGET_NAME)";
				SWIFT_EMIT_LOC_STRINGS = YES;
				SWIFT_VERSION = 5.0;
				TARGETED_DEVICE_FAMILY = "1,2";
			};
			name = Release;
		};
/* End XCBuildConfiguration section */

/* Begin XCConfigurationList section */
		3497AD622953160D00668076 /* Build configuration list for PBXProject "CryptoPath" */ = {
			isa = XCConfigurationList;
			buildConfigurations = (
				3497AD732953160F00668076 /* Debug */,
				3497AD742953160F00668076 /* Release */,
			);
			defaultConfigurationIsVisible = 0;
			defaultConfigurationName = Release;
		};
		3497AD752953160F00668076 /* Build configuration list for PBXNativeTarget "CryptoPath" */ = {
			isa = XCConfigurationList;
			buildConfigurations = (
				3497AD762953160F00668076 /* Debug */,
				3497AD772953160F00668076 /* Release */,
			);
			defaultConfigurationIsVisible = 0;
			defaultConfigurationName = Release;
		};
/* End XCConfigurationList section */
	};
	rootObject = 3497AD5F2953160D00668076 /* Project object */;
}
